
Microsoft Visual Studio Solution File, Format Version 11.00
# Visual Studio 2010
Project("{8BC9CEB8-8B4A-11D0-8D11-00A0C91BC942}") = "UNOService", "UNOService\UNOService.vcxproj", "{D1DF743C-9C79-40F8-9783-3B013E697033}"
	ProjectSection(ProjectDependencies) = postProject
		{F4D10515-2A22-46E4-8DDC-FFB51658D3D4} = {F4D10515-2A22-46E4-8DDC-FFB51658D3D4}
		{FCB4B926-E800-4C39-AFF2-374C2F6473F3} = {FCB4B926-E800-4C39-AFF2-374C2F6473F3}
		{24E0168C-141F-4514-B20F-DDF5251FE037} = {24E0168C-141F-4514-B20F-DDF5251FE037}
		{7CD93799-A036-476C-988D-5C0A7419719A} = {7CD93799-A036-476C-988D-5C0A7419719A}
		{7E4B20E7-FE00-442B-9F75-8A207033ED8B} = {7E4B20E7-FE00-442B-9F75-8A207033ED8B}
	EndProjectSection
EndProject
Project("{8BC9CEB8-8B4A-11D0-8D11-00A0C91BC942}") = "Network", "Network\Network.vcxproj", "{7E4B20E7-FE00-442B-9F75-8A207033ED8B}"
EndProject
Project("{8BC9CEB8-8B4A-11D0-8D11-00A0C91BC942}") = "Dispatcher", "Dispatcher\Dispatcher.vcxproj", "{F4D10515-2A22-46E4-8DDC-FFB51658D3D4}"
	ProjectSection(ProjectDependencies) = postProject
		{24E0168C-141F-4514-B20F-DDF5251FE037} = {24E0168C-141F-4514-B20F-DDF5251FE037}
		{7E4B20E7-FE00-442B-9F75-8A207033ED8B} = {7E4B20E7-FE00-442B-9F75-8A207033ED8B}
	EndProjectSection
EndProject
Project("{8BC9CEB8-8B4A-11D0-8D11-00A0C91BC942}") = "Common", "Common\Common.vcxproj", "{24E0168C-141F-4514-B20F-DDF5251FE037}"
EndProject
Project("{8BC9CEB8-8B4A-11D0-8D11-00A0C91BC942}") = "RoomMgr", "RoomMgr\RoomMgr.vcxproj", "{FCB4B926-E800-4C39-AFF2-374C2F6473F3}"
	ProjectSection(ProjectDependencies) = postProject
		{F4D10515-2A22-46E4-8DDC-FFB51658D3D4} = {F4D10515-2A22-46E4-8DDC-FFB51658D3D4}
		{24E0168C-141F-4514-B20F-DDF5251FE037} = {24E0168C-141F-4514-B20F-DDF5251FE037}
		{7E4B20E7-FE00-442B-9F75-8A207033ED8B} = {7E4B20E7-FE00-442B-9F75-8A207033ED8B}
	EndProjectSection
EndProject
Project("{8BC9CEB8-8B4A-11D0-8D11-00A0C91BC942}") = "GameMgr", "GameMgr\GameMgr.vcxproj", "{7CD93799-A036-476C-988D-5C0A7419719A}"
	ProjectSection(ProjectDependencies) = postProject
		{F4D10515-2A22-46E4-8DDC-FFB51658D3D4} = {F4D10515-2A22-46E4-8DDC-FFB51658D3D4}
		{24E0168C-141F-4514-B20F-DDF5251FE037} = {24E0168C-141F-4514-B20F-DDF5251FE037}
		{7E4B20E7-FE00-442B-9F75-8A207033ED8B} = {7E4B20E7-FE00-442B-9F75-8A207033ED8B}
	EndProjectSection
EndProject
Project("{8BC9CEB8-8B4A-11D0-8D11-00A0C91BC942}") = "ConsoleClient", "ConsoleClient\ConsoleClient.vcxproj", "{59F5181C-93D7-425D-9FA9-6F81F580C2F1}"
	ProjectSection(ProjectDependencies) = postProject
		{24E0168C-141F-4514-B20F-DDF5251FE037} = {24E0168C-141F-4514-B20F-DDF5251FE037}
		{7E4B20E7-FE00-442B-9F75-8A207033ED8B} = {7E4B20E7-FE00-442B-9F75-8A207033ED8B}
	EndProjectSection
EndProject
Project("{FAE04EC0-301F-11D3-BF4B-00C04F79EFBC}") = "UNO", "UNO\UNO.csproj", "{29A72ABE-C120-43FF-A3C0-98766E648616}"
EndProject
Project("{FAE04EC0-301F-11D3-BF4B-00C04F79EFBC}") = "Direct2D", "UNO\Direct2D\Direct2D.csproj", "{AFDED8D2-F5ED-4770-830A-5736C90CDA92}"
EndProject
Project("{8BC9CEB8-8B4A-11D0-8D11-00A0C91BC942}") = "Card", "Card\Card.vcxproj", "{ECE149A6-8B46-426E-B481-4416B5FBC022}"
EndProject
Global
	GlobalSection(SolutionConfigurationPlatforms) = preSolution
		Debug|Mixed Platforms = Debug|Mixed Platforms
		Debug|Win32 = Debug|Win32
		Debug|x86 = Debug|x86
		Release|Mixed Platforms = Release|Mixed Platforms
		Release|Win32 = Release|Win32
		Release|x86 = Release|x86
	EndGlobalSection
	GlobalSection(ProjectConfigurationPlatforms) = postSolution
		{D1DF743C-9C79-40F8-9783-3B013E697033}.Debug|Mixed Platforms.ActiveCfg = Debug|Win32
		{D1DF743C-9C79-40F8-9783-3B013E697033}.Debug|Win32.ActiveCfg = Debug|Win32
		{D1DF743C-9C79-40F8-9783-3B013E697033}.Debug|Win32.Build.0 = Debug|Win32
		{D1DF743C-9C79-40F8-9783-3B013E697033}.Debug|x86.ActiveCfg = Debug|Win32
		{D1DF743C-9C79-40F8-9783-3B013E697033}.Release|Mixed Platforms.ActiveCfg = Release|Win32
		{D1DF743C-9C79-40F8-9783-3B013E697033}.Release|Win32.ActiveCfg = Release|Win32
		{D1DF743C-9C79-40F8-9783-3B013E697033}.Release|Win32.Build.0 = Release|Win32
		{D1DF743C-9C79-40F8-9783-3B013E697033}.Release|x86.ActiveCfg = Release|Win32
		{7E4B20E7-FE00-442B-9F75-8A207033ED8B}.Debug|Mixed Platforms.ActiveCfg = Debug|Win32
		{7E4B20E7-FE00-442B-9F75-8A207033ED8B}.Debug|Win32.ActiveCfg = Debug|Win32
		{7E4B20E7-FE00-442B-9F75-8A207033ED8B}.Debug|Win32.Build.0 = Debug|Win32
		{7E4B20E7-FE00-442B-9F75-8A207033ED8B}.Debug|x86.ActiveCfg = Debug|Win32
		{7E4B20E7-FE00-442B-9F75-8A207033ED8B}.Release|Mixed Platforms.ActiveCfg = Release|Win32
		{7E4B20E7-FE00-442B-9F75-8A207033ED8B}.Release|Win32.ActiveCfg = Release|Win32
		{7E4B20E7-FE00-442B-9F75-8A207033ED8B}.Release|Win32.Build.0 = Release|Win32
		{7E4B20E7-FE00-442B-9F75-8A207033ED8B}.Release|x86.ActiveCfg = Release|Win32
		{F4D10515-2A22-46E4-8DDC-FFB51658D3D4}.Debug|Mixed Platforms.ActiveCfg = Debug|Win32
		{F4D10515-2A22-46E4-8DDC-FFB51658D3D4}.Debug|Win32.ActiveCfg = Debug|Win32
		{F4D10515-2A22-46E4-8DDC-FFB51658D3D4}.Debug|Win32.Build.0 = Debug|Win32
		{F4D10515-2A22-46E4-8DDC-FFB51658D3D4}.Debug|x86.ActiveCfg = Debug|Win32
		{F4D10515-2A22-46E4-8DDC-FFB51658D3D4}.Release|Mixed Platforms.ActiveCfg = Release|Win32
		{F4D10515-2A22-46E4-8DDC-FFB51658D3D4}.Release|Win32.ActiveCfg = Release|Win32
		{F4D10515-2A22-46E4-8DDC-FFB51658D3D4}.Release|Win32.Build.0 = Release|Win32
		{F4D10515-2A22-46E4-8DDC-FFB51658D3D4}.Release|x86.ActiveCfg = Release|Win32
		{24E0168C-141F-4514-B20F-DDF5251FE037}.Debug|Mixed Platforms.ActiveCfg = Debug|Win32
		{24E0168C-141F-4514-B20F-DDF5251FE037}.Debug|Win32.ActiveCfg = Debug|Win32
		{24E0168C-141F-4514-B20F-DDF5251FE037}.Debug|Win32.Build.0 = Debug|Win32
		{24E0168C-141F-4514-B20F-DDF5251FE037}.Debug|x86.ActiveCfg = Debug|Win32
		{24E0168C-141F-4514-B20F-DDF5251FE037}.Release|Mixed Platforms.ActiveCfg = Release|Win32
		{24E0168C-141F-4514-B20F-DDF5251FE037}.Release|Win32.ActiveCfg = Release|Win32
		{24E0168C-141F-4514-B20F-DDF5251FE037}.Release|Win32.Build.0 = Release|Win32
		{24E0168C-141F-4514-B20F-DDF5251FE037}.Release|x86.ActiveCfg = Release|Win32
		{FCB4B926-E800-4C39-AFF2-374C2F6473F3}.Debug|Mixed Platforms.ActiveCfg = Debug|Win32
		{FCB4B926-E800-4C39-AFF2-374C2F6473F3}.Debug|Win32.ActiveCfg = Debug|Win32
		{FCB4B926-E800-4C39-AFF2-374C2F6473F3}.Debug|Win32.Build.0 = Debug|Win32
		{FCB4B926-E800-4C39-AFF2-374C2F6473F3}.Debug|x86.ActiveCfg = Debug|Win32
		{FCB4B926-E800-4C39-AFF2-374C2F6473F3}.Release|Mixed Platforms.ActiveCfg = Release|Win32
		{FCB4B926-E800-4C39-AFF2-374C2F6473F3}.Release|Win32.ActiveCfg = Release|Win32
		{FCB4B926-E800-4C39-AFF2-374C2F6473F3}.Release|Win32.Build.0 = Release|Win32
		{FCB4B926-E800-4C39-AFF2-374C2F6473F3}.Release|x86.ActiveCfg = Release|Win32
		{7CD93799-A036-476C-988D-5C0A7419719A}.Debug|Mixed Platforms.ActiveCfg = Debug|Win32
		{7CD93799-A036-476C-988D-5C0A7419719A}.Debug|Win32.ActiveCfg = Debug|Win32
		{7CD93799-A036-476C-988D-5C0A7419719A}.Debug|Win32.Build.0 = Debug|Win32
		{7CD93799-A036-476C-988D-5C0A7419719A}.Debug|x86.ActiveCfg = Debug|Win32
		{7CD93799-A036-476C-988D-5C0A7419719A}.Release|Mixed Platforms.ActiveCfg = Release|Win32
		{7CD93799-A036-476C-988D-5C0A7419719A}.Release|Win32.ActiveCfg = Release|Win32
		{7CD93799-A036-476C-988D-5C0A7419719A}.Release|Win32.Build.0 = Release|Win32
		{7CD93799-A036-476C-988D-5C0A7419719A}.Release|x86.ActiveCfg = Release|Win32
		{59F5181C-93D7-425D-9FA9-6F81F580C2F1}.Debug|Mixed Platforms.ActiveCfg = Debug|Win32
		{59F5181C-93D7-425D-9FA9-6F81F580C2F1}.Debug|Win32.ActiveCfg = Debug|Win32
		{59F5181C-93D7-425D-9FA9-6F81F580C2F1}.Debug|Win32.Build.0 = Debug|Win32
		{59F5181C-93D7-425D-9FA9-6F81F580C2F1}.Debug|x86.ActiveCfg = Debug|Win32
		{59F5181C-93D7-425D-9FA9-6F81F580C2F1}.Release|Mixed Platforms.ActiveCfg = Release|Win32
		{59F5181C-93D7-425D-9FA9-6F81F580C2F1}.Release|Win32.ActiveCfg = Release|Win32
		{59F5181C-93D7-425D-9FA9-6F81F580C2F1}.Release|Win32.Build.0 = Release|Win32
		{59F5181C-93D7-425D-9FA9-6F81F580C2F1}.Release|x86.ActiveCfg = Release|Win32
		{29A72ABE-C120-43FF-A3C0-98766E648616}.Debug|Mixed Platforms.ActiveCfg = Debug|x86
		{29A72ABE-C120-43FF-A3C0-98766E648616}.Debug|Mixed Platforms.Build.0 = Debug|x86
		{29A72ABE-C120-43FF-A3C0-98766E648616}.Debug|Win32.ActiveCfg = Debug|x86
		{29A72ABE-C120-43FF-A3C0-98766E648616}.Debug|x86.ActiveCfg = Debug|x86
		{29A72ABE-C120-43FF-A3C0-98766E648616}.Debug|x86.Build.0 = Debug|x86
		{29A72ABE-C120-43FF-A3C0-98766E648616}.Release|Mixed Platforms.ActiveCfg = Release|x86
		{29A72ABE-C120-43FF-A3C0-98766E648616}.Release|Mixed Platforms.Build.0 = Release|x86
		{29A72ABE-C120-43FF-A3C0-98766E648616}.Release|Win32.ActiveCfg = Release|x86
		{29A72ABE-C120-43FF-A3C0-98766E648616}.Release|x86.ActiveCfg = Release|x86
		{29A72ABE-C120-43FF-A3C0-98766E648616}.Release|x86.Build.0 = Release|x86
		{AFDED8D2-F5ED-4770-830A-5736C90CDA92}.Debug|Mixed Platforms.ActiveCfg = Debug|x86
		{AFDED8D2-F5ED-4770-830A-5736C90CDA92}.Debug|Win32.ActiveCfg = Debug|x86
		{AFDED8D2-F5ED-4770-830A-5736C90CDA92}.Debug|x86.ActiveCfg = Debug|x86
		{AFDED8D2-F5ED-4770-830A-5736C90CDA92}.Debug|x86.Build.0 = Debug|x86
		{AFDED8D2-F5ED-4770-830A-5736C90CDA92}.Release|Mixed Platforms.ActiveCfg = Release|x86
		{AFDED8D2-F5ED-4770-830A-5736C90CDA92}.Release|Win32.ActiveCfg = Release|x86
		{AFDED8D2-F5ED-4770-830A-5736C90CDA92}.Release|x86.ActiveCfg = Release|x86
		{AFDED8D2-F5ED-4770-830A-5736C90CDA92}.Release|x86.Build.0 = Release|x86
		{ECE149A6-8B46-426E-B481-4416B5FBC022}.Debug|Mixed Platforms.ActiveCfg = Debug|Win32
		{ECE149A6-8B46-426E-B481-4416B5FBC022}.Debug|Win32.ActiveCfg = Debug|Win32
		{ECE149A6-8B46-426E-B481-4416B5FBC022}.Debug|Win32.Build.0 = Debug|Win32
		{ECE149A6-8B46-426E-B481-4416B5FBC022}.Debug|x86.ActiveCfg = Debug|Win32
		{ECE149A6-8B46-426E-B481-4416B5FBC022}.Release|Mixed Platforms.ActiveCfg = Release|Win32
		{ECE149A6-8B46-426E-B481-4416B5FBC022}.Release|Win32.ActiveCfg = Release|Win32
		{ECE149A6-8B46-426E-B481-4416B5FBC022}.Release|Win32.Build.0 = Release|Win32
		{ECE149A6-8B46-426E-B481-4416B5FBC022}.Release|x86.ActiveCfg = Release|Win32
	EndGlobalSection
	GlobalSection(SolutionProperties) = preSolution
		HideSolutionNode = FALSE
	EndGlobalSection
EndGlobal
